{
    "name": "src",
    "lockfileVersion": 3,
    "requires": true,
    "packages": {
        "": {
            "name": "src",
            "devDependencies": {
                "@types/stompjs": "^2.3.5"
            }
        },
        "node_modules/@types/node": {
            "version": "20.4.7",
            "resolved": "https://registry.npmjs.org/@types/node/-/node-20.4.7.tgz",
            "integrity": "sha512-bUBrPjEry2QUTsnuEjzjbS7voGWCc30W0qzgMf90GPeDGFRakvrz47ju+oqDAKCXLUCe39u57/ORMl/O/04/9g==",
            "dev": true
        },
        "node_modules/@types/stompjs": {
            "version": "2.3.5",
            "resolved": "https://registry.npmjs.org/@types/stompjs/-/stompjs-2.3.5.tgz",
            "integrity": "sha512-0WkL8RlB1uuZt8XJEdnwdFdV5RIFcQw9UhNQfTpiJYcjqC6QQpFqc5YcIrlH+K/843EGJVIaOFANjs7u7bmTlw==",
            "dev": true,
            "dependencies": {
                "@types/node": "*"
            }
        }
    }
}
